
Microsoft Visual Studio Solution File, Format Version 12.00
# Visual Studio Version 17
VisualStudioVersion = 17.6.33815.320
MinimumVisualStudioVersion = 10.0.40219.1
Project("{FAE04EC0-301F-11D3-BF4B-00C04F79EFBC}") = "SolidExample", "SolidExample.csproj", "{5B81DA88-2E73-4EF0-9749-9E99BB149021}"
EndProject
Global
	GlobalSection(SolutionConfigurationPlatforms) = preSolution
		Debug|Any CPU = Debug|Any CPU
		Release|Any CPU = Release|Any CPU
	EndGlobalSection
	GlobalSection(ProjectConfigurationPlatforms) = postSolution
		{5B81DA88-2E73-4EF0-9749-9E99BB149021}.Debug|Any CPU.ActiveCfg = Debug|Any CPU
		{5B81DA88-2E73-4EF0-9749-9E99BB149021}.Debug|Any CPU.Build.0 = Debug|Any CPU
		{5B81DA88-2E73-4EF0-9749-9E99BB149021}.Release|Any CPU.ActiveCfg = Release|Any CPU
		{5B81DA88-2E73-4EF0-9749-9E99BB149021}.Release|Any CPU.Build.0 = Release|Any CPU
	EndGlobalSection
	GlobalSection(SolutionProperties) = preSolution
		HideSolutionNode = FALSE
	EndGlobalSection
	GlobalSection(ExtensibilityGlobals) = postSolution
		SolutionGuid = {DC5EE1C8-B19F-47FD-845A-52ED4F283E7F}
	EndGlobalSection
EndGlobal
